
Microsoft Visual Studio Solution File, Format Version 12.00
# Visual Studio Version 16
VisualStudioVersion = 16.0.30309.148
MinimumVisualStudioVersion = 10.0.40219.1
Project("{FAE04EC0-301F-11D3-BF4B-00C04F79EFBC}") = "MVCDemoApp", "MVCDemoApp\MVCDemoApp.csproj", "{DB8F3CD0-0E10-4DAB-99D4-B5FE73153327}"
EndProject
Global
	GlobalSection(SolutionConfigurationPlatforms) = preSolution
		Debug|Any CPU = Debug|Any CPU
		Release|Any CPU = Release|Any CPU
	EndGlobalSection
	GlobalSection(ProjectConfigurationPlatforms) = postSolution
		{DB8F3CD0-0E10-4DAB-99D4-B5FE73153327}.Debug|Any CPU.ActiveCfg = Debug|Any CPU
		{DB8F3CD0-0E10-4DAB-99D4-B5FE73153327}.Debug|Any CPU.Build.0 = Debug|Any CPU
		{DB8F3CD0-0E10-4DAB-99D4-B5FE73153327}.Release|Any CPU.ActiveCfg = Release|Any CPU
		{DB8F3CD0-0E10-4DAB-99D4-B5FE73153327}.Release|Any CPU.Build.0 = Release|Any CPU
	EndGlobalSection
	GlobalSection(SolutionProperties) = preSolution
		HideSolutionNode = FALSE
	EndGlobalSection
	GlobalSection(ExtensibilityGlobals) = postSolution
		SolutionGuid = {F7AB201C-25E0-4EB2-B34F-3D56E9275D7A}
	EndGlobalSection
EndGlobal
